
Microsoft Visual Studio Solution File, Format Version 11.00
# Visual Studio 2010
Project("{8BC9CEB8-8B4A-11D0-8D11-00A0C91BC942}") = "ultracache", "ultracache\ultracache.vcxproj", "{EDA1370B-85CA-4690-A671-01ABCA58CAE2}"
EndProject
Global
	GlobalSection(SolutionConfigurationPlatforms) = preSolution
		Debug|Win32 = Debug|Win32
		Debug|x64 = Debug|x64
		Release|Win32 = Release|Win32
		Release|x64 = Release|x64
		ReleaseStatic|Win32 = ReleaseStatic|Win32
		ReleaseStatic|x64 = ReleaseStatic|x64
	EndGlobalSection
	GlobalSection(ProjectConfigurationPlatforms) = postSolution
		{EDA1370B-85CA-4690-A671-01ABCA58CAE2}.Debug|Win32.ActiveCfg = Debug|Win32
		{EDA1370B-85CA-4690-A671-01ABCA58CAE2}.Debug|Win32.Build.0 = Debug|Win32
		{EDA1370B-85CA-4690-A671-01ABCA58CAE2}.Debug|x64.ActiveCfg = Debug|x64
		{EDA1370B-85CA-4690-A671-01ABCA58CAE2}.Debug|x64.Build.0 = Debug|x64
		{EDA1370B-85CA-4690-A671-01ABCA58CAE2}.Release|Win32.ActiveCfg = Release|Win32
		{EDA1370B-85CA-4690-A671-01ABCA58CAE2}.Release|Win32.Build.0 = Release|Win32
		{EDA1370B-85CA-4690-A671-01ABCA58CAE2}.Release|x64.ActiveCfg = Release|x64
		{EDA1370B-85CA-4690-A671-01ABCA58CAE2}.Release|x64.Build.0 = Release|x64
		{EDA1370B-85CA-4690-A671-01ABCA58CAE2}.ReleaseStatic|Win32.ActiveCfg = ReleaseStatic|Win32
		{EDA1370B-85CA-4690-A671-01ABCA58CAE2}.ReleaseStatic|Win32.Build.0 = ReleaseStatic|Win32
		{EDA1370B-85CA-4690-A671-01ABCA58CAE2}.ReleaseStatic|x64.ActiveCfg = ReleaseStatic|x64
		{EDA1370B-85CA-4690-A671-01ABCA58CAE2}.ReleaseStatic|x64.Build.0 = ReleaseStatic|x64
	EndGlobalSection
	GlobalSection(SolutionProperties) = preSolution
		HideSolutionNode = FALSE
	EndGlobalSection
EndGlobal
